Microsoft Visual Studio Solution File, Format Version 7.00
Project("{8BC9CEB8-8B4A-11D0-8D11-00A0C91BC942}") = "mpegsound_static", "..\ext\mpegsound_static\mpegsound_static.vcproj", "{4A5F06BF-91E9-4E4F-8CF7-02A2CE1ECB1D}"
EndProject
Project("{8BC9CEB8-8B4A-11D0-8D11-00A0C91BC942}") = "reaper", "..\reaper\reaper.vcproj", "{BD7FF2B5-370B-4C6D-ACBD-AF681E0787BF}"
EndProject
Project("{8BC9CEB8-8B4A-11D0-8D11-00A0C91BC942}") = "reaper_demo", "..\public\reaper_demo\reaper_demo.vcproj", "{393CE427-592A-4224-8D30-024C66EA721B}"
EndProject
Project("{8BC9CEB8-8B4A-11D0-8D11-00A0C91BC942}") = "plugin_gfx_win32", "..\reaper\plugin_gfx_win32.vcproj", "{FB8C27F4-0798-420B-B425-5CC3DF47B03A}"
EndProject
Project("{8BC9CEB8-8B4A-11D0-8D11-00A0C91BC942}") = "plugin_event_win32", "..\reaper\plugin_event_win32.vcproj", "{7CEB4389-77F1-4715-B051-31C668D9F225}"
EndProject
Project("{8BC9CEB8-8B4A-11D0-8D11-00A0C91BC942}") = "plugin_snd_dummy", "..\reaper\plugin_snd_dummy.vcproj", "{F185A136-542E-4D22-B6F4-A78F7A4F2E07}"
EndProject
Project("{8BC9CEB8-8B4A-11D0-8D11-00A0C91BC942}") = "plugin_snd_dsound", "..\reaper\plugin_snd_dsound.vcproj", "{578B3AA1-688C-41B5-BC31-BEE67CF43316}"
EndProject
Project("{8BC9CEB8-8B4A-11D0-8D11-00A0C91BC942}") = "plugin_snd_mp3", "..\reaper\plugin_snd_mp3.vcproj", "{E3F00931-9319-4895-9308-4FD868EC933E}"
EndProject
Project("{8BC9CEB8-8B4A-11D0-8D11-00A0C91BC942}") = "plugin_snd_openal", "..\reaper\plugin_snd_openal.vcproj", "{3085C38E-F15A-425D-B96F-87BDDAAB32A8}"
EndProject
Project("{8BC9CEB8-8B4A-11D0-8D11-00A0C91BC942}") = "plugin_snd_wave", "..\reaper\plugin_snd_wave.vcproj", "{1FF30E76-7E90-4B76-B3FD-B8BEEBB5BDBD}"
EndProject
Project("{8BC9CEB8-8B4A-11D0-8D11-00A0C91BC942}") = "plugin_snd_simple", "..\reaper\plugin_snd_simple.vcproj", "{9F779028-9D2F-4E03-9EEC-243AFF541B69}"
EndProject
Global
	GlobalSection(SolutionConfiguration) = preSolution
		ConfigName.0 = Debug
		ConfigName.1 = Release
	EndGlobalSection
	GlobalSection(ProjectDependencies) = postSolution
		{393CE427-592A-4224-8D30-024C66EA721B}.0 = {1FF30E76-7E90-4B76-B3FD-B8BEEBB5BDBD}
		{393CE427-592A-4224-8D30-024C66EA721B}.1 = {3085C38E-F15A-425D-B96F-87BDDAAB32A8}
		{393CE427-592A-4224-8D30-024C66EA721B}.2 = {E3F00931-9319-4895-9308-4FD868EC933E}
		{393CE427-592A-4224-8D30-024C66EA721B}.3 = {F185A136-542E-4D22-B6F4-A78F7A4F2E07}
		{393CE427-592A-4224-8D30-024C66EA721B}.4 = {578B3AA1-688C-41B5-BC31-BEE67CF43316}
		{393CE427-592A-4224-8D30-024C66EA721B}.5 = {FB8C27F4-0798-420B-B425-5CC3DF47B03A}
		{393CE427-592A-4224-8D30-024C66EA721B}.6 = {7CEB4389-77F1-4715-B051-31C668D9F225}
		{393CE427-592A-4224-8D30-024C66EA721B}.7 = {BD7FF2B5-370B-4C6D-ACBD-AF681E0787BF}
		{E3F00931-9319-4895-9308-4FD868EC933E}.0 = {4A5F06BF-91E9-4E4F-8CF7-02A2CE1ECB1D}
	EndGlobalSection
	GlobalSection(ProjectConfiguration) = postSolution
		{4A5F06BF-91E9-4E4F-8CF7-02A2CE1ECB1D}.Debug.ActiveCfg = Debug|Win32
		{4A5F06BF-91E9-4E4F-8CF7-02A2CE1ECB1D}.Debug.Build.0 = Debug|Win32
		{4A5F06BF-91E9-4E4F-8CF7-02A2CE1ECB1D}.Release.ActiveCfg = Release|Win32
		{4A5F06BF-91E9-4E4F-8CF7-02A2CE1ECB1D}.Release.Build.0 = Release|Win32
		{BD7FF2B5-370B-4C6D-ACBD-AF681E0787BF}.Debug.ActiveCfg = Debug|Win32
		{BD7FF2B5-370B-4C6D-ACBD-AF681E0787BF}.Debug.Build.0 = Debug|Win32
		{BD7FF2B5-370B-4C6D-ACBD-AF681E0787BF}.Release.ActiveCfg = Release|Win32
		{BD7FF2B5-370B-4C6D-ACBD-AF681E0787BF}.Release.Build.0 = Release|Win32
		{393CE427-592A-4224-8D30-024C66EA721B}.Debug.ActiveCfg = Debug|Win32
		{393CE427-592A-4224-8D30-024C66EA721B}.Debug.Build.0 = Debug|Win32
		{393CE427-592A-4224-8D30-024C66EA721B}.Release.ActiveCfg = Release|Win32
		{393CE427-592A-4224-8D30-024C66EA721B}.Release.Build.0 = Release|Win32
		{FB8C27F4-0798-420B-B425-5CC3DF47B03A}.Debug.ActiveCfg = Debug|Win32
		{FB8C27F4-0798-420B-B425-5CC3DF47B03A}.Debug.Build.0 = Debug|Win32
		{FB8C27F4-0798-420B-B425-5CC3DF47B03A}.Release.ActiveCfg = Release|Win32
		{FB8C27F4-0798-420B-B425-5CC3DF47B03A}.Release.Build.0 = Release|Win32
		{7CEB4389-77F1-4715-B051-31C668D9F225}.Debug.ActiveCfg = Debug|Win32
		{7CEB4389-77F1-4715-B051-31C668D9F225}.Debug.Build.0 = Debug|Win32
		{7CEB4389-77F1-4715-B051-31C668D9F225}.Release.ActiveCfg = Release|Win32
		{7CEB4389-77F1-4715-B051-31C668D9F225}.Release.Build.0 = Release|Win32
		{F185A136-542E-4D22-B6F4-A78F7A4F2E07}.Debug.ActiveCfg = Debug|Win32
		{F185A136-542E-4D22-B6F4-A78F7A4F2E07}.Debug.Build.0 = Debug|Win32
		{F185A136-542E-4D22-B6F4-A78F7A4F2E07}.Release.ActiveCfg = Release|Win32
		{F185A136-542E-4D22-B6F4-A78F7A4F2E07}.Release.Build.0 = Release|Win32
		{578B3AA1-688C-41B5-BC31-BEE67CF43316}.Debug.ActiveCfg = Debug|Win32
		{578B3AA1-688C-41B5-BC31-BEE67CF43316}.Debug.Build.0 = Debug|Win32
		{578B3AA1-688C-41B5-BC31-BEE67CF43316}.Release.ActiveCfg = Release|Win32
		{578B3AA1-688C-41B5-BC31-BEE67CF43316}.Release.Build.0 = Release|Win32
		{E3F00931-9319-4895-9308-4FD868EC933E}.Debug.ActiveCfg = Debug|Win32
		{E3F00931-9319-4895-9308-4FD868EC933E}.Debug.Build.0 = Debug|Win32
		{E3F00931-9319-4895-9308-4FD868EC933E}.Release.ActiveCfg = Release|Win32
		{E3F00931-9319-4895-9308-4FD868EC933E}.Release.Build.0 = Release|Win32
		{3085C38E-F15A-425D-B96F-87BDDAAB32A8}.Debug.ActiveCfg = Debug|Win32
		{3085C38E-F15A-425D-B96F-87BDDAAB32A8}.Debug.Build.0 = Debug|Win32
		{3085C38E-F15A-425D-B96F-87BDDAAB32A8}.Release.ActiveCfg = Release|Win32
		{3085C38E-F15A-425D-B96F-87BDDAAB32A8}.Release.Build.0 = Release|Win32
		{1FF30E76-7E90-4B76-B3FD-B8BEEBB5BDBD}.Debug.ActiveCfg = Debug|Win32
		{1FF30E76-7E90-4B76-B3FD-B8BEEBB5BDBD}.Debug.Build.0 = Debug|Win32
		{1FF30E76-7E90-4B76-B3FD-B8BEEBB5BDBD}.Release.ActiveCfg = Release|Win32
		{1FF30E76-7E90-4B76-B3FD-B8BEEBB5BDBD}.Release.Build.0 = Release|Win32
		{9F779028-9D2F-4E03-9EEC-243AFF541B69}.Debug.ActiveCfg = Debug|Win32
		{9F779028-9D2F-4E03-9EEC-243AFF541B69}.Debug.Build.0 = Debug|Win32
		{9F779028-9D2F-4E03-9EEC-243AFF541B69}.Release.ActiveCfg = Release|Win32
		{9F779028-9D2F-4E03-9EEC-243AFF541B69}.Release.Build.0 = Release|Win32
	EndGlobalSection
	GlobalSection(ExtensibilityGlobals) = postSolution
	EndGlobalSection
	GlobalSection(ExtensibilityAddIns) = postSolution
	EndGlobalSection
EndGlobal
